
Microsoft Visual Studio Solution File, Format Version 12.00
# Visual Studio Version 17
VisualStudioVersion = 17.13.36105.23
MinimumVisualStudioVersion = 10.0.40219.1
Project("{FAE04EC0-301F-11D3-BF4B-00C04F79EFBC}") = "DeviceManager.API", "DeviceManager.API.csproj", "{29B76D5B-F114-43A2-BD29-5CBA7BFD6E10}"
EndProject
Project("{FAE04EC0-301F-11D3-BF4B-00C04F79EFBC}") = "DeviceManager.Mobile", "..\DeviceManager.Mobile\DeviceManager.Mobile.csproj", "{75873D92-9B73-4409-9456-21A359387E6A}"
EndProject
Project("{FAE04EC0-301F-11D3-BF4B-00C04F79EFBC}") = "DeviceManager.Web", "..\DeviceManager.Web\DeviceManager.Web.csproj", "{817B77BF-528C-47CB-91CF-5F079DC69749}"
EndProject
Global
	GlobalSection(SolutionConfigurationPlatforms) = preSolution
		Debug|Any CPU = Debug|Any CPU
		Release|Any CPU = Release|Any CPU
	EndGlobalSection
	GlobalSection(ProjectConfigurationPlatforms) = postSolution
		{29B76D5B-F114-43A2-BD29-5CBA7BFD6E10}.Debug|Any CPU.ActiveCfg = Debug|Any CPU
		{29B76D5B-F114-43A2-BD29-5CBA7BFD6E10}.Debug|Any CPU.Build.0 = Debug|Any CPU
		{29B76D5B-F114-43A2-BD29-5CBA7BFD6E10}.Release|Any CPU.ActiveCfg = Release|Any CPU
		{29B76D5B-F114-43A2-BD29-5CBA7BFD6E10}.Release|Any CPU.Build.0 = Release|Any CPU
		{75873D92-9B73-4409-9456-21A359387E6A}.Debug|Any CPU.ActiveCfg = Debug|Any CPU
		{75873D92-9B73-4409-9456-21A359387E6A}.Debug|Any CPU.Build.0 = Debug|Any CPU
		{75873D92-9B73-4409-9456-21A359387E6A}.Debug|Any CPU.Deploy.0 = Debug|Any CPU
		{75873D92-9B73-4409-9456-21A359387E6A}.Release|Any CPU.ActiveCfg = Release|Any CPU
		{75873D92-9B73-4409-9456-21A359387E6A}.Release|Any CPU.Build.0 = Release|Any CPU
		{75873D92-9B73-4409-9456-21A359387E6A}.Release|Any CPU.Deploy.0 = Release|Any CPU
		{817B77BF-528C-47CB-91CF-5F079DC69749}.Debug|Any CPU.ActiveCfg = Debug|Any CPU
		{817B77BF-528C-47CB-91CF-5F079DC69749}.Debug|Any CPU.Build.0 = Debug|Any CPU
		{817B77BF-528C-47CB-91CF-5F079DC69749}.Release|Any CPU.ActiveCfg = Release|Any CPU
		{817B77BF-528C-47CB-91CF-5F079DC69749}.Release|Any CPU.Build.0 = Release|Any CPU
	EndGlobalSection
	GlobalSection(SolutionProperties) = preSolution
		HideSolutionNode = FALSE
	EndGlobalSection
	GlobalSection(ExtensibilityGlobals) = postSolution
		SolutionGuid = {BCD67F0E-9D6F-4833-83FD-908CC58931B1}
	EndGlobalSection
EndGlobal
